
Microsoft Visual Studio Solution File, Format Version 12.00
# Visual Studio Version 17
VisualStudioVersion = 17.2.32616.157
MinimumVisualStudioVersion = 10.0.40219.1
Project("{2150E333-8FDC-42A3-9474-1A3956D46DE8}") = "Services", "Services", "{BD19E95C-DC6B-4ED8-9EEA-7ADFB5A12A39}"
EndProject
Project("{2150E333-8FDC-42A3-9474-1A3956D46DE8}") = "Catalog", "Catalog", "{791A68A6-6485-4F2D-BD14-4B313636B1B3}"
EndProject
Project("{FAE04EC0-301F-11D3-BF4B-00C04F79EFBC}") = "Catalog.API", "Services\Catalog\Catalog.API\Catalog.API.csproj", "{6E931F86-9EAD-42C5-AAF0-7844A76347F0}"
EndProject
Global
	GlobalSection(SolutionConfigurationPlatforms) = preSolution
		Debug|Any CPU = Debug|Any CPU
		Release|Any CPU = Release|Any CPU
	EndGlobalSection
	GlobalSection(ProjectConfigurationPlatforms) = postSolution
		{6E931F86-9EAD-42C5-AAF0-7844A76347F0}.Debug|Any CPU.ActiveCfg = Debug|Any CPU
		{6E931F86-9EAD-42C5-AAF0-7844A76347F0}.Debug|Any CPU.Build.0 = Debug|Any CPU
		{6E931F86-9EAD-42C5-AAF0-7844A76347F0}.Release|Any CPU.ActiveCfg = Release|Any CPU
		{6E931F86-9EAD-42C5-AAF0-7844A76347F0}.Release|Any CPU.Build.0 = Release|Any CPU
	EndGlobalSection
	GlobalSection(SolutionProperties) = preSolution
		HideSolutionNode = FALSE
	EndGlobalSection
	GlobalSection(NestedProjects) = preSolution
		{791A68A6-6485-4F2D-BD14-4B313636B1B3} = {BD19E95C-DC6B-4ED8-9EEA-7ADFB5A12A39}
		{6E931F86-9EAD-42C5-AAF0-7844A76347F0} = {791A68A6-6485-4F2D-BD14-4B313636B1B3}
	EndGlobalSection
	GlobalSection(ExtensibilityGlobals) = postSolution
		SolutionGuid = {761EB069-76F8-4131-8B35-68C266C6BB58}
	EndGlobalSection
EndGlobal
